
Microsoft Visual Studio Solution File, Format Version 12.00
# Visual Studio 14
VisualStudioVersion = 14.0.25123.0
MinimumVisualStudioVersion = 10.0.40219.1
Project("{FAE04EC0-301F-11D3-BF4B-00C04F79EFBC}") = "DemoDocumentsSearch", "DemoDocumentsSearch\DemoDocumentsSearch.csproj", "{8DB205FC-ED19-4667-94C4-1AADDDC126FE}"
EndProject
Global
	GlobalSection(SolutionConfigurationPlatforms) = preSolution
		Debug|Any CPU = Debug|Any CPU
		Release|Any CPU = Release|Any CPU
	EndGlobalSection
	GlobalSection(ProjectConfigurationPlatforms) = postSolution
		{8DB205FC-ED19-4667-94C4-1AADDDC126FE}.Debug|Any CPU.ActiveCfg = Debug|Any CPU
		{8DB205FC-ED19-4667-94C4-1AADDDC126FE}.Debug|Any CPU.Build.0 = Debug|Any CPU
		{8DB205FC-ED19-4667-94C4-1AADDDC126FE}.Debug|Any CPU.Deploy.0 = Debug|Any CPU
		{8DB205FC-ED19-4667-94C4-1AADDDC126FE}.Release|Any CPU.ActiveCfg = Release|Any CPU
		{8DB205FC-ED19-4667-94C4-1AADDDC126FE}.Release|Any CPU.Build.0 = Release|Any CPU
		{8DB205FC-ED19-4667-94C4-1AADDDC126FE}.Release|Any CPU.Deploy.0 = Release|Any CPU
	EndGlobalSection
	GlobalSection(SolutionProperties) = preSolution
		HideSolutionNode = FALSE
	EndGlobalSection
EndGlobal
